// !$*UTF8*$!
{
	archiveVersion = 1;
	classes = {
	};
	objectVersion = 46;
	objects = {

/* Begin PBXBuildFile section */
		258BDDBD37D97D1B36CAE888 /* Pods_Sharpr.framework in Frameworks */ = {isa = PBXBuildFile; fileRef = 2C0240993B5235C4A98B5F52 /* Pods_Sharpr.framework */; };
		5D0DA22CB1727342684B7D2E /* Pods_SharprUITests.framework in Frameworks */ = {isa = PBXBuildFile; fileRef = 911AF5F94D4ACF5884C791CB /* Pods_SharprUITests.framework */; };
		6153484C1DC070430027479D /* ATKMathWidget.framework in Frameworks */ = {isa = PBXBuildFile; fileRef = 6153484B1DC070430027479D /* ATKMathWidget.framework */; };
		6153484E1DC070500027479D /* ATKMath.framework in Frameworks */ = {isa = PBXBuildFile; fileRef = 6153484D1DC070500027479D /* ATKMath.framework */; };
		615348501DC0705C0027479D /* ATKCore.framework in Frameworks */ = {isa = PBXBuildFile; fileRef = 6153484F1DC0705C0027479D /* ATKCore.framework */; };
		615348521DC070640027479D /* SystemConfiguration.framework in Frameworks */ = {isa = PBXBuildFile; fileRef = 615348511DC070640027479D /* SystemConfiguration.framework */; };
		615348541DC070DD0027479D /* ATKMathWidget.bundle in Resources */ = {isa = PBXBuildFile; fileRef = 615348531DC070DD0027479D /* ATKMathWidget.bundle */; };
		615348561DC071170027479D /* resources.bundle in Resources */ = {isa = PBXBuildFile; fileRef = 615348551DC071170027479D /* resources.bundle */; };
		6153485A1DC1A9A20027479D /* ViewController.m in Sources */ = {isa = PBXBuildFile; fileRef = 615348581DC1A9A20027479D /* ViewController.m */; };
		618C766D1DCAC57A00DE3581 /* MasterViewController.swift in Sources */ = {isa = PBXBuildFile; fileRef = 618C766C1DCAC57A00DE3581 /* MasterViewController.swift */; };
		6199EC9B1D90E274002CFA11 /* AppDelegate.swift in Sources */ = {isa = PBXBuildFile; fileRef = 6199EC9A1D90E274002CFA11 /* AppDelegate.swift */; };
		6199ECA01D90E274002CFA11 /* Main.storyboard in Resources */ = {isa = PBXBuildFile; fileRef = 6199EC9E1D90E274002CFA11 /* Main.storyboard */; };
		6199ECA21D90E274002CFA11 /* Assets.xcassets in Resources */ = {isa = PBXBuildFile; fileRef = 6199ECA11D90E274002CFA11 /* Assets.xcassets */; };
		6199ECA51D90E274002CFA11 /* LaunchScreen.storyboard in Resources */ = {isa = PBXBuildFile; fileRef = 6199ECA31D90E274002CFA11 /* LaunchScreen.storyboard */; };
		6199ECB01D90E274002CFA11 /* SharprTests.swift in Sources */ = {isa = PBXBuildFile; fileRef = 6199ECAF1D90E274002CFA11 /* SharprTests.swift */; };
		6199ECBB1D90E275002CFA11 /* SharprUITests.swift in Sources */ = {isa = PBXBuildFile; fileRef = 6199ECBA1D90E275002CFA11 /* SharprUITests.swift */; };
		61DA71941DC1B7A4006E4CBB /* com.Sharpr.Sharpr.c in Sources */ = {isa = PBXBuildFile; fileRef = 61DA71931DC1B7A4006E4CBB /* com.Sharpr.Sharpr.c */; };
		61F7BD5A1DBDA8E700369BD3 /* HelpViewController.swift in Sources */ = {isa = PBXBuildFile; fileRef = 61F7BD591DBDA8E700369BD3 /* HelpViewController.swift */; };
		61FF3D0A1DAADADE00276940 /* CanvasView.swift in Sources */ = {isa = PBXBuildFile; fileRef = 61FF3D081DAADADE00276940 /* CanvasView.swift */; };
		D17702FB94A5069AABC5F157 /* Pods_SharprTests.framework in Frameworks */ = {isa = PBXBuildFile; fileRef = E32392AF1081F0D0AF2BE164 /* Pods_SharprTests.framework */; };
/* End PBXBuildFile section */

/* Begin PBXContainerItemProxy section */
		6199ECAC1D90E274002CFA11 /* PBXContainerItemProxy */ = {
			isa = PBXContainerItemProxy;
			containerPortal = 6199EC8F1D90E274002CFA11 /* Project object */;
			proxyType = 1;
			remoteGlobalIDString = 6199EC961D90E274002CFA11;
			remoteInfo = 2ition;
		};
		6199ECB71D90E275002CFA11 /* PBXContainerItemProxy */ = {
			isa = PBXContainerItemProxy;
			containerPortal = 6199EC8F1D90E274002CFA11 /* Project object */;
			proxyType = 1;
			remoteGlobalIDString = 6199EC961D90E274002CFA11;
			remoteInfo = 2ition;
		};
/* End PBXContainerItemProxy section */

/* Begin PBXFileReference section */
		2C0240993B5235C4A98B5F52 /* Pods_Sharpr.framework */ = {isa = PBXFileReference; explicitFileType = wrapper.framework; includeInIndex = 0; path = Pods_Sharpr.framework; sourceTree = BUILT_PRODUCTS_DIR; };
		6153484B1DC070430027479D /* ATKMathWidget.framework */ = {isa = PBXFileReference; lastKnownFileType = wrapper.framework; name = ATKMathWidget.framework; path = "../../../MyScript_ATK-ios-2.2/Frameworks/ATKMathWidget.framework"; sourceTree = "<group>"; };
		6153484D1DC070500027479D /* ATKMath.framework */ = {isa = PBXFileReference; lastKnownFileType = wrapper.framework; name = ATKMath.framework; path = "../../../MyScript_ATK-ios-2.2/Frameworks/ATKMath.framework"; sourceTree = "<group>"; };
		6153484F1DC0705C0027479D /* ATKCore.framework */ = {isa = PBXFileReference; lastKnownFileType = wrapper.framework; name = ATKCore.framework; path = "../../../MyScript_ATK-ios-2.2/Frameworks/ATKCore.framework"; sourceTree = "<group>"; };
		615348511DC070640027479D /* SystemConfiguration.framework */ = {isa = PBXFileReference; lastKnownFileType = wrapper.framework; name = SystemConfiguration.framework; path = System/Library/Frameworks/SystemConfiguration.framework; sourceTree = SDKROOT; };
		615348531DC070DD0027479D /* ATKMathWidget.bundle */ = {isa = PBXFileReference; lastKnownFileType = "wrapper.plug-in"; path = ATKMathWidget.bundle; sourceTree = "<group>"; };
		615348551DC071170027479D /* resources.bundle */ = {isa = PBXFileReference; lastKnownFileType = "wrapper.plug-in"; path = resources.bundle; sourceTree = "<group>"; };
		615348571DC1A9A20027479D /* Sharpr-Bridging-Header.h */ = {isa = PBXFileReference; lastKnownFileType = sourcecode.c.h; path = "Sharpr-Bridging-Header.h"; sourceTree = "<group>"; };
		615348581DC1A9A20027479D /* ViewController.m */ = {isa = PBXFileReference; fileEncoding = 4; lastKnownFileType = sourcecode.c.objc; path = ViewController.m; sourceTree = "<group>"; };
		615348591DC1A9A20027479D /* ViewController.h */ = {isa = PBXFileReference; fileEncoding = 4; lastKnownFileType = sourcecode.c.h; path = ViewController.h; sourceTree = "<group>"; };
		618C766C1DCAC57A00DE3581 /* MasterViewController.swift */ = {isa = PBXFileReference; fileEncoding = 4; lastKnownFileType = sourcecode.swift; path = MasterViewController.swift; sourceTree = "<group>"; };
		6199EC971D90E274002CFA11 /* Sharpr.app */ = {isa = PBXFileReference; explicitFileType = wrapper.application; includeInIndex = 0; path = Sharpr.app; sourceTree = BUILT_PRODUCTS_DIR; };
		6199EC9A1D90E274002CFA11 /* AppDelegate.swift */ = {isa = PBXFileReference; lastKnownFileType = sourcecode.swift; path = AppDelegate.swift; sourceTree = "<group>"; };
		6199EC9F1D90E274002CFA11 /* Base */ = {isa = PBXFileReference; lastKnownFileType = file.storyboard; name = Base; path = Base.lproj/Main.storyboard; sourceTree = "<group>"; };
		6199ECA11D90E274002CFA11 /* Assets.xcassets */ = {isa = PBXFileReference; lastKnownFileType = folder.assetcatalog; path = Assets.xcassets; sourceTree = "<group>"; };
		6199ECA41D90E274002CFA11 /* Base */ = {isa = PBXFileReference; lastKnownFileType = file.storyboard; name = Base; path = Base.lproj/LaunchScreen.storyboard; sourceTree = "<group>"; };
		6199ECA61D90E274002CFA11 /* Info.plist */ = {isa = PBXFileReference; lastKnownFileType = text.plist.xml; path = Info.plist; sourceTree = "<group>"; };
		6199ECAB1D90E274002CFA11 /* SharprTests.xctest */ = {isa = PBXFileReference; explicitFileType = wrapper.cfbundle; includeInIndex = 0; path = SharprTests.xctest; sourceTree = BUILT_PRODUCTS_DIR; };
		6199ECAF1D90E274002CFA11 /* SharprTests.swift */ = {isa = PBXFileReference; lastKnownFileType = sourcecode.swift; path = SharprTests.swift; sourceTree = "<group>"; };
		6199ECB11D90E274002CFA11 /* Info.plist */ = {isa = PBXFileReference; lastKnownFileType = text.plist.xml; path = Info.plist; sourceTree = "<group>"; };
		6199ECB61D90E275002CFA11 /* SharprUITests.xctest */ = {isa = PBXFileReference; explicitFileType = wrapper.cfbundle; includeInIndex = 0; path = SharprUITests.xctest; sourceTree = BUILT_PRODUCTS_DIR; };
		6199ECBA1D90E275002CFA11 /* SharprUITests.swift */ = {isa = PBXFileReference; lastKnownFileType = sourcecode.swift; path = SharprUITests.swift; sourceTree = "<group>"; };
		6199ECBC1D90E275002CFA11 /* Info.plist */ = {isa = PBXFileReference; lastKnownFileType = text.plist.xml; path = Info.plist; sourceTree = "<group>"; };
		61DA71911DC1B5DF006E4CBB /* MyCertificate.h */ = {isa = PBXFileReference; fileEncoding = 4; lastKnownFileType = sourcecode.c.h; path = MyCertificate.h; sourceTree = "<group>"; };
		61DA71931DC1B7A4006E4CBB /* com.Sharpr.Sharpr.c */ = {isa = PBXFileReference; fileEncoding = 4; lastKnownFileType = sourcecode.c.c; path = com.Sharpr.Sharpr.c; sourceTree = "<group>"; };
		61F7BD591DBDA8E700369BD3 /* HelpViewController.swift */ = {isa = PBXFileReference; fileEncoding = 4; lastKnownFileType = sourcecode.swift; path = HelpViewController.swift; sourceTree = "<group>"; };
		61FF3D081DAADADE00276940 /* CanvasView.swift */ = {isa = PBXFileReference; fileEncoding = 4; lastKnownFileType = sourcecode.swift; path = CanvasView.swift; sourceTree = "<group>"; };
		911AF5F94D4ACF5884C791CB /* Pods_SharprUITests.framework */ = {isa = PBXFileReference; explicitFileType = wrapper.framework; includeInIndex = 0; path = Pods_SharprUITests.framework; sourceTree = BUILT_PRODUCTS_DIR; };
		A93464AADDC28134EBE298AA /* Pods-Sharpr.release.xcconfig */ = {isa = PBXFileReference; includeInIndex = 1; lastKnownFileType = text.xcconfig; name = "Pods-Sharpr.release.xcconfig"; path = "Pods/Target Support Files/Pods-Sharpr/Pods-Sharpr.release.xcconfig"; sourceTree = "<group>"; };
		AA0680F0715034140EA13A58 /* Pods-SharprTests.release.xcconfig */ = {isa = PBXFileReference; includeInIndex = 1; lastKnownFileType = text.xcconfig; name = "Pods-SharprTests.release.xcconfig"; path = "Pods/Target Support Files/Pods-SharprTests/Pods-SharprTests.release.xcconfig"; sourceTree = "<group>"; };
		AB78A56A08BA04419B779A31 /* Pods-SharprUITests.release.xcconfig */ = {isa = PBXFileReference; includeInIndex = 1; lastKnownFileType = text.xcconfig; name = "Pods-SharprUITests.release.xcconfig"; path = "Pods/Target Support Files/Pods-SharprUITests/Pods-SharprUITests.release.xcconfig"; sourceTree = "<group>"; };
		CCCF2F0EF27284F3E4FDBDB3 /* Pods-SharprTests.debug.xcconfig */ = {isa = PBXFileReference; includeInIndex = 1; lastKnownFileType = text.xcconfig; name = "Pods-SharprTests.debug.xcconfig"; path = "Pods/Target Support Files/Pods-SharprTests/Pods-SharprTests.debug.xcconfig"; sourceTree = "<group>"; };
		E32392AF1081F0D0AF2BE164 /* Pods_SharprTests.framework */ = {isa = PBXFileReference; explicitFileType = wrapper.framework; includeInIndex = 0; path = Pods_SharprTests.framework; sourceTree = BUILT_PRODUCTS_DIR; };
		E630F73D628E27C68E83B904 /* Pods-Sharpr.debug.xcconfig */ = {isa = PBXFileReference; includeInIndex = 1; lastKnownFileType = text.xcconfig; name = "Pods-Sharpr.debug.xcconfig"; path = "Pods/Target Support Files/Pods-Sharpr/Pods-Sharpr.debug.xcconfig"; sourceTree = "<group>"; };
		F39F8671BAAF9C5ABEC859E6 /* Pods-SharprUITests.debug.xcconfig */ = {isa = PBXFileReference; includeInIndex = 1; lastKnownFileType = text.xcconfig; name = "Pods-SharprUITests.debug.xcconfig"; path = "Pods/Target Support Files/Pods-SharprUITests/Pods-SharprUITests.debug.xcconfig"; sourceTree = "<group>"; };
/* End PBXFileReference section */

/* Begin PBXFrameworksBuildPhase section */
		6199EC941D90E274002CFA11 /* Frameworks */ = {
			isa = PBXFrameworksBuildPhase;
			buildActionMask = 2147483647;
			files = (
				258BDDBD37D97D1B36CAE888 /* Pods_Sharpr.framework in Frameworks */,
				615348521DC070640027479D /* SystemConfiguration.framework in Frameworks */,
				6153484C1DC070430027479D /* ATKMathWidget.framework in Frameworks */,
				6153484E1DC070500027479D /* ATKMath.framework in Frameworks */,
				615348501DC0705C0027479D /* ATKCore.framework in Frameworks */,
			);
			runOnlyForDeploymentPostprocessing = 0;
		};
		6199ECA81D90E274002CFA11 /* Frameworks */ = {
			isa = PBXFrameworksBuildPhase;
			buildActionMask = 2147483647;
			files = (
				D17702FB94A5069AABC5F157 /* Pods_SharprTests.framework in Frameworks */,
			);
			runOnlyForDeploymentPostprocessing = 0;
		};
		6199ECB31D90E275002CFA11 /* Frameworks */ = {
			isa = PBXFrameworksBuildPhase;
			buildActionMask = 2147483647;
			files = (
				5D0DA22CB1727342684B7D2E /* Pods_SharprUITests.framework in Frameworks */,
			);
			runOnlyForDeploymentPostprocessing = 0;
		};
/* End PBXFrameworksBuildPhase section */

/* Begin PBXGroup section */
		4EA48B8659408F154A9D84BD /* Frameworks */ = {
			isa = PBXGroup;
			children = (
				615348511DC070640027479D /* SystemConfiguration.framework */,
				6153484F1DC0705C0027479D /* ATKCore.framework */,
				6153484D1DC070500027479D /* ATKMath.framework */,
				6153484B1DC070430027479D /* ATKMathWidget.framework */,
				2C0240993B5235C4A98B5F52 /* Pods_Sharpr.framework */,
				E32392AF1081F0D0AF2BE164 /* Pods_SharprTests.framework */,
				911AF5F94D4ACF5884C791CB /* Pods_SharprUITests.framework */,
			);
			name = Frameworks;
			sourceTree = "<group>";
		};
		6199EC8E1D90E274002CFA11 = {
			isa = PBXGroup;
			children = (
				61DA71931DC1B7A4006E4CBB /* com.Sharpr.Sharpr.c */,
				61DA71911DC1B5DF006E4CBB /* MyCertificate.h */,
				615348551DC071170027479D /* resources.bundle */,
				615348531DC070DD0027479D /* ATKMathWidget.bundle */,
				6199EC991D90E274002CFA11 /* Sharpr */,
				6199ECAE1D90E274002CFA11 /* SharprTests */,
				6199ECB91D90E275002CFA11 /* SharprUITests */,
				6199EC981D90E274002CFA11 /* Products */,
				96E34EBFDA20A0D17A3F9897 /* Pods */,
				4EA48B8659408F154A9D84BD /* Frameworks */,
			);
			sourceTree = "<group>";
		};
		6199EC981D90E274002CFA11 /* Products */ = {
			isa = PBXGroup;
			children = (
				6199EC971D90E274002CFA11 /* Sharpr.app */,
				6199ECAB1D90E274002CFA11 /* SharprTests.xctest */,
				6199ECB61D90E275002CFA11 /* SharprUITests.xctest */,
			);
			name = Products;
			sourceTree = "<group>";
		};
		6199EC991D90E274002CFA11 /* Sharpr */ = {
			isa = PBXGroup;
			children = (
				615348581DC1A9A20027479D /* ViewController.m */,
				615348591DC1A9A20027479D /* ViewController.h */,
				61FF3D081DAADADE00276940 /* CanvasView.swift */,
				6199EC9A1D90E274002CFA11 /* AppDelegate.swift */,
				6199EC9E1D90E274002CFA11 /* Main.storyboard */,
				6199ECA11D90E274002CFA11 /* Assets.xcassets */,
				6199ECA31D90E274002CFA11 /* LaunchScreen.storyboard */,
				6199ECA61D90E274002CFA11 /* Info.plist */,
				61F7BD591DBDA8E700369BD3 /* HelpViewController.swift */,
				615348571DC1A9A20027479D /* Sharpr-Bridging-Header.h */,
				618C766C1DCAC57A00DE3581 /* MasterViewController.swift */,
			);
			path = Sharpr;
			sourceTree = "<group>";
		};
		6199ECAE1D90E274002CFA11 /* SharprTests */ = {
			isa = PBXGroup;
			children = (
				6199ECAF1D90E274002CFA11 /* SharprTests.swift */,
				6199ECB11D90E274002CFA11 /* Info.plist */,
			);
			path = SharprTests;
			sourceTree = "<group>";
		};
		6199ECB91D90E275002CFA11 /* SharprUITests */ = {
			isa = PBXGroup;
			children = (
				6199ECBA1D90E275002CFA11 /* SharprUITests.swift */,
				6199ECBC1D90E275002CFA11 /* Info.plist */,
			);
			path = SharprUITests;
			sourceTree = "<group>";
		};
		96E34EBFDA20A0D17A3F9897 /* Pods */ = {
			isa = PBXGroup;
			children = (
				E630F73D628E27C68E83B904 /* Pods-Sharpr.debug.xcconfig */,
				A93464AADDC28134EBE298AA /* Pods-Sharpr.release.xcconfig */,
				CCCF2F0EF27284F3E4FDBDB3 /* Pods-SharprTests.debug.xcconfig */,
				AA0680F0715034140EA13A58 /* Pods-SharprTests.release.xcconfig */,
				F39F8671BAAF9C5ABEC859E6 /* Pods-SharprUITests.debug.xcconfig */,
				AB78A56A08BA04419B779A31 /* Pods-SharprUITests.release.xcconfig */,
			);
			name = Pods;
			sourceTree = "<group>";
		};
/* End PBXGroup section */

/* Begin PBXNativeTarget section */
		6199EC961D90E274002CFA11 /* Sharpr */ = {
			isa = PBXNativeTarget;
			buildConfigurationList = 6199ECBF1D90E275002CFA11 /* Build configuration list for PBXNativeTarget "Sharpr" */;
			buildPhases = (
				367011915881B481AF14BBE8 /* [CP] Check Pods Manifest.lock */,
				6199EC931D90E274002CFA11 /* Sources */,
				6199EC941D90E274002CFA11 /* Frameworks */,
				6199EC951D90E274002CFA11 /* Resources */,
				22525EFA6D5A81CA83492268 /* [CP] Embed Pods Frameworks */,
				0185AB39C14B43DECDE630FC /* [CP] Copy Pods Resources */,
			);
			buildRules = (
			);
			dependencies = (
			);
			name = Sharpr;
			productName = 2ition;
			productReference = 6199EC971D90E274002CFA11 /* Sharpr.app */;
			productType = "com.apple.product-type.application";
		};
		6199ECAA1D90E274002CFA11 /* SharprTests */ = {
			isa = PBXNativeTarget;
			buildConfigurationList = 6199ECC21D90E275002CFA11 /* Build configuration list for PBXNativeTarget "SharprTests" */;
			buildPhases = (
				9C71BE2F1B02F4D1BF2810D5 /* [CP] Check Pods Manifest.lock */,
				6199ECA71D90E274002CFA11 /* Sources */,
				6199ECA81D90E274002CFA11 /* Frameworks */,
				6199ECA91D90E274002CFA11 /* Resources */,
				54D0DF8C90313C5153D7A30C /* [CP] Embed Pods Frameworks */,
				22B8AF6263420455EF4E8227 /* [CP] Copy Pods Resources */,
			);
			buildRules = (
			);
			dependencies = (
				6199ECAD1D90E274002CFA11 /* PBXTargetDependency */,
			);
			name = SharprTests;
			productName = 2itionTests;
			productReference = 6199ECAB1D90E274002CFA11 /* SharprTests.xctest */;
			productType = "com.apple.product-type.bundle.unit-test";
		};
		6199ECB51D90E275002CFA11 /* SharprUITests */ = {
			isa = PBXNativeTarget;
			buildConfigurationList = 6199ECC51D90E275002CFA11 /* Build configuration list for PBXNativeTarget "SharprUITests" */;
			buildPhases = (
				CC125B9EA2FE35BE99D6BE42 /* [CP] Check Pods Manifest.lock */,
				6199ECB21D90E275002CFA11 /* Sources */,
				6199ECB31D90E275002CFA11 /* Frameworks */,
				6199ECB41D90E275002CFA11 /* Resources */,
				95DB6E60CB119C46C249B54E /* [CP] Embed Pods Frameworks */,
				A9E1245040CBEF0B0271944D /* [CP] Copy Pods Resources */,
			);
			buildRules = (
			);
			dependencies = (
				6199ECB81D90E275002CFA11 /* PBXTargetDependency */,
			);
			name = SharprUITests;
			productName = 2itionUITests;
			productReference = 6199ECB61D90E275002CFA11 /* SharprUITests.xctest */;
			productType = "com.apple.product-type.bundle.ui-testing";
		};
/* End PBXNativeTarget section */

/* Begin PBXProject section */
		6199EC8F1D90E274002CFA11 /* Project object */ = {
			isa = PBXProject;
			attributes = {
				LastSwiftUpdateCheck = 0800;
				LastUpgradeCheck = 0800;
				ORGANIZATIONNAME = 2itionAcademy;
				TargetAttributes = {
					6199EC961D90E274002CFA11 = {
						CreatedOnToolsVersion = 8.0;
						DevelopmentTeam = JXTYT79G8A;
						LastSwiftMigration = 0800;
						ProvisioningStyle = Automatic;
					};
					6199ECAA1D90E274002CFA11 = {
						CreatedOnToolsVersion = 8.0;
						ProvisioningStyle = Automatic;
						TestTargetID = 6199EC961D90E274002CFA11;
					};
					6199ECB51D90E275002CFA11 = {
						CreatedOnToolsVersion = 8.0;
						ProvisioningStyle = Automatic;
						TestTargetID = 6199EC961D90E274002CFA11;
					};
				};
			};
			buildConfigurationList = 6199EC921D90E274002CFA11 /* Build configuration list for PBXProject "Sharpr" */;
			compatibilityVersion = "Xcode 3.2";
			developmentRegion = English;
			hasScannedForEncodings = 0;
			knownRegions = (
				en,
				Base,
			);
			mainGroup = 6199EC8E1D90E274002CFA11;
			productRefGroup = 6199EC981D90E274002CFA11 /* Products */;
			projectDirPath = "";
			projectRoot = "";
			targets = (
				6199EC961D90E274002CFA11 /* Sharpr */,
				6199ECAA1D90E274002CFA11 /* SharprTests */,
				6199ECB51D90E275002CFA11 /* SharprUITests */,
			);
		};
/* End PBXProject section */

/* Begin PBXResourcesBuildPhase section */
		6199EC951D90E274002CFA11 /* Resources */ = {
			isa = PBXResourcesBuildPhase;
			buildActionMask = 2147483647;
			files = (
				615348561DC071170027479D /* resources.bundle in Resources */,
				615348541DC070DD0027479D /* ATKMathWidget.bundle in Resources */,
				6199ECA51D90E274002CFA11 /* LaunchScreen.storyboard in Resources */,
				6199ECA21D90E274002CFA11 /* Assets.xcassets in Resources */,
				6199ECA01D90E274002CFA11 /* Main.storyboard in Resources */,
			);
			runOnlyForDeploymentPostprocessing = 0;
		};
		6199ECA91D90E274002CFA11 /* Resources */ = {
			isa = PBXResourcesBuildPhase;
			buildActionMask = 2147483647;
			files = (
			);
			runOnlyForDeploymentPostprocessing = 0;
		};
		6199ECB41D90E275002CFA11 /* Resources */ = {
			isa = PBXResourcesBuildPhase;
			buildActionMask = 2147483647;
			files = (
			);
			runOnlyForDeploymentPostprocessing = 0;
		};
/* End PBXResourcesBuildPhase section */

/* Begin PBXShellScriptBuildPhase section */
		0185AB39C14B43DECDE630FC /* [CP] Copy Pods Resources */ = {
			isa = PBXShellScriptBuildPhase;
			buildActionMask = 2147483647;
			files = (
			);
			inputPaths = (
			);
			name = "[CP] Copy Pods Resources";
			outputPaths = (
			);
			runOnlyForDeploymentPostprocessing = 0;
			shellPath = /bin/sh;
			shellScript = "\"${SRCROOT}/Pods/Target Support Files/Pods-Sharpr/Pods-Sharpr-resources.sh\"\n";
			showEnvVarsInLog = 0;
		};
		22525EFA6D5A81CA83492268 /* [CP] Embed Pods Frameworks */ = {
			isa = PBXShellScriptBuildPhase;
			buildActionMask = 2147483647;
			files = (
			);
			inputPaths = (
			);
			name = "[CP] Embed Pods Frameworks";
			outputPaths = (
			);
			runOnlyForDeploymentPostprocessing = 0;
			shellPath = /bin/sh;
			shellScript = "\"${SRCROOT}/Pods/Target Support Files/Pods-Sharpr/Pods-Sharpr-frameworks.sh\"\n";
			showEnvVarsInLog = 0;
		};
		22B8AF6263420455EF4E8227 /* [CP] Copy Pods Resources */ = {
			isa = PBXShellScriptBuildPhase;
			buildActionMask = 2147483647;
			files = (
			);
			inputPaths = (
			);
			name = "[CP] Copy Pods Resources";
			outputPaths = (
			);
			runOnlyForDeploymentPostprocessing = 0;
			shellPath = /bin/sh;
			shellScript = "\"${SRCROOT}/Pods/Target Support Files/Pods-SharprTests/Pods-SharprTests-resources.sh\"\n";
			showEnvVarsInLog = 0;
		};
		367011915881B481AF14BBE8 /* [CP] Check Pods Manifest.lock */ = {
			isa = PBXShellScriptBuildPhase;
			buildActionMask = 2147483647;
			files = (
			);
			inputPaths = (
			);
			name = "[CP] Check Pods Manifest.lock";
			outputPaths = (
			);
			runOnlyForDeploymentPostprocessing = 0;
			shellPath = /bin/sh;
			shellScript = "diff \"${PODS_ROOT}/../Podfile.lock\" \"${PODS_ROOT}/Manifest.lock\" > /dev/null\nif [ $? != 0 ] ; then\n    # print error to STDERR\n    echo \"error: The sandbox is not in sync with the Podfile.lock. Run 'pod install' or update your CocoaPods installation.\" >&2\n    exit 1\nfi\n";
			showEnvVarsInLog = 0;
		};
		54D0DF8C90313C5153D7A30C /* [CP] Embed Pods Frameworks */ = {
			isa = PBXShellScriptBuildPhase;
			buildActionMask = 2147483647;
			files = (
			);
			inputPaths = (
			);
			name = "[CP] Embed Pods Frameworks";
			outputPaths = (
			);
			runOnlyForDeploymentPostprocessing = 0;
			shellPath = /bin/sh;
			shellScript = "\"${SRCROOT}/Pods/Target Support Files/Pods-SharprTests/Pods-SharprTests-frameworks.sh\"\n";
			showEnvVarsInLog = 0;
		};
		95DB6E60CB119C46C249B54E /* [CP] Embed Pods Frameworks */ = {
			isa = PBXShellScriptBuildPhase;
			buildActionMask = 2147483647;
			files = (
			);
			inputPaths = (
			);
			name = "[CP] Embed Pods Frameworks";
			outputPaths = (
			);
			runOnlyForDeploymentPostprocessing = 0;
			shellPath = /bin/sh;
			shellScript = "\"${SRCROOT}/Pods/Target Support Files/Pods-SharprUITests/Pods-SharprUITests-frameworks.sh\"\n";
			showEnvVarsInLog = 0;
		};
		9C71BE2F1B02F4D1BF2810D5 /* [CP] Check Pods Manifest.lock */ = {
			isa = PBXShellScriptBuildPhase;
			buildActionMask = 2147483647;
			files = (
			);
			inputPaths = (
			);
			name = "[CP] Check Pods Manifest.lock";
			outputPaths = (
			);
			runOnlyForDeploymentPostprocessing = 0;
			shellPath = /bin/sh;
			shellScript = "diff \"${PODS_ROOT}/../Podfile.lock\" \"${PODS_ROOT}/Manifest.lock\" > /dev/null\nif [ $? != 0 ] ; then\n    # print error to STDERR\n    echo \"error: The sandbox is not in sync with the Podfile.lock. Run 'pod install' or update your CocoaPods installation.\" >&2\n    exit 1\nfi\n";
			showEnvVarsInLog = 0;
		};
		A9E1245040CBEF0B0271944D /* [CP] Copy Pods Resources */ = {
			isa = PBXShellScriptBuildPhase;
			buildActionMask = 2147483647;
			files = (
			);
			inputPaths = (
			);
			name = "[CP] Copy Pods Resources";
			outputPaths = (
			);
			runOnlyForDeploymentPostprocessing = 0;
			shellPath = /bin/sh;
			shellScript = "\"${SRCROOT}/Pods/Target Support Files/Pods-SharprUITests/Pods-SharprUITests-resources.sh\"\n";
			showEnvVarsInLog = 0;
		};
		CC125B9EA2FE35BE99D6BE42 /* [CP] Check Pods Manifest.lock */ = {
			isa = PBXShellScriptBuildPhase;
			buildActionMask = 2147483647;
			files = (
			);
			inputPaths = (
			);
			name = "[CP] Check Pods Manifest.lock";
			outputPaths = (
			);
			runOnlyForDeploymentPostprocessing = 0;
			shellPath = /bin/sh;
			shellScript = "diff \"${PODS_ROOT}/../Podfile.lock\" \"${PODS_ROOT}/Manifest.lock\" > /dev/null\nif [ $? != 0 ] ; then\n    # print error to STDERR\n    echo \"error: The sandbox is not in sync with the Podfile.lock. Run 'pod install' or update your CocoaPods installation.\" >&2\n    exit 1\nfi\n";
			showEnvVarsInLog = 0;
		};
/* End PBXShellScriptBuildPhase section */

/* Begin PBXSourcesBuildPhase section */
		6199EC931D90E274002CFA11 /* Sources */ = {
			isa = PBXSourcesBuildPhase;
			buildActionMask = 2147483647;
			files = (
				61DA71941DC1B7A4006E4CBB /* com.Sharpr.Sharpr.c in Sources */,
				6199EC9B1D90E274002CFA11 /* AppDelegate.swift in Sources */,
				618C766D1DCAC57A00DE3581 /* MasterViewController.swift in Sources */,
				61FF3D0A1DAADADE00276940 /* CanvasView.swift in Sources */,
				61F7BD5A1DBDA8E700369BD3 /* HelpViewController.swift in Sources */,
				6153485A1DC1A9A20027479D /* ViewController.m in Sources */,
			);
			runOnlyForDeploymentPostprocessing = 0;
		};
		6199ECA71D90E274002CFA11 /* Sources */ = {
			isa = PBXSourcesBuildPhase;
			buildActionMask = 2147483647;
			files = (
				6199ECB01D90E274002CFA11 /* SharprTests.swift in Sources */,
			);
			runOnlyForDeploymentPostprocessing = 0;
		};
		6199ECB21D90E275002CFA11 /* Sources */ = {
			isa = PBXSourcesBuildPhase;
			buildActionMask = 2147483647;
			files = (
				6199ECBB1D90E275002CFA11 /* SharprUITests.swift in Sources */,
			);
			runOnlyForDeploymentPostprocessing = 0;
		};
/* End PBXSourcesBuildPhase section */

/* Begin PBXTargetDependency section */
		6199ECAD1D90E274002CFA11 /* PBXTargetDependency */ = {
			isa = PBXTargetDependency;
			target = 6199EC961D90E274002CFA11 /* Sharpr */;
			targetProxy = 6199ECAC1D90E274002CFA11 /* PBXContainerItemProxy */;
		};
		6199ECB81D90E275002CFA11 /* PBXTargetDependency */ = {
			isa = PBXTargetDependency;
			target = 6199EC961D90E274002CFA11 /* Sharpr */;
			targetProxy = 6199ECB71D90E275002CFA11 /* PBXContainerItemProxy */;
		};
/* End PBXTargetDependency section */

/* Begin PBXVariantGroup section */
		6199EC9E1D90E274002CFA11 /* Main.storyboard */ = {
			isa = PBXVariantGroup;
			children = (
				6199EC9F1D90E274002CFA11 /* Base */,
			);
			name = Main.storyboard;
			sourceTree = "<group>";
		};
		6199ECA31D90E274002CFA11 /* LaunchScreen.storyboard */ = {
			isa = PBXVariantGroup;
			children = (
				6199ECA41D90E274002CFA11 /* Base */,
			);
			name = LaunchScreen.storyboard;
			sourceTree = "<group>";
		};
/* End PBXVariantGroup section */

/* Begin XCBuildConfiguration section */
		6199ECBD1D90E275002CFA11 /* Debug */ = {
			isa = XCBuildConfiguration;
			buildSettings = {
				ALWAYS_SEARCH_USER_PATHS = NO;
				CLANG_ANALYZER_NONNULL = YES;
				CLANG_CXX_LANGUAGE_STANDARD = "gnu++0x";
				CLANG_CXX_LIBRARY = "libc++";
				CLANG_ENABLE_MODULES = YES;
				CLANG_ENABLE_OBJC_ARC = YES;
				CLANG_WARN_BOOL_CONVERSION = YES;
				CLANG_WARN_CONSTANT_CONVERSION = YES;
				CLANG_WARN_DIRECT_OBJC_ISA_USAGE = YES_ERROR;
				CLANG_WARN_DOCUMENTATION_COMMENTS = YES;
				CLANG_WARN_EMPTY_BODY = YES;
				CLANG_WARN_ENUM_CONVERSION = YES;
				CLANG_WARN_INFINITE_RECURSION = YES;
				CLANG_WARN_INT_CONVERSION = YES;
				CLANG_WARN_OBJC_ROOT_CLASS = YES_ERROR;
				CLANG_WARN_SUSPICIOUS_MOVES = YES;
				CLANG_WARN_UNREACHABLE_CODE = YES;
				CLANG_WARN__DUPLICATE_METHOD_MATCH = YES;
				"CODE_SIGN_IDENTITY[sdk=iphoneos*]" = "iPhone Developer";
				COPY_PHASE_STRIP = NO;
				DEBUG_INFORMATION_FORMAT = dwarf;
				ENABLE_STRICT_OBJC_MSGSEND = YES;
				ENABLE_TESTABILITY = YES;
				GCC_C_LANGUAGE_STANDARD = gnu99;
				GCC_DYNAMIC_NO_PIC = NO;
				GCC_NO_COMMON_BLOCKS = YES;
				GCC_OPTIMIZATION_LEVEL = 0;
				GCC_PREPROCESSOR_DEFINITIONS = (
					"DEBUG=1",
					"$(inherited)",
				);
				GCC_WARN_64_TO_32_BIT_CONVERSION = YES;
				GCC_WARN_ABOUT_RETURN_TYPE = YES_ERROR;
				GCC_WARN_UNDECLARED_SELECTOR = YES;
				GCC_WARN_UNINITIALIZED_AUTOS = YES_AGGRESSIVE;
				GCC_WARN_UNUSED_FUNCTION = YES;
				GCC_WARN_UNUSED_VARIABLE = YES;
				IPHONEOS_DEPLOYMENT_TARGET = 10.0;
				MTL_ENABLE_DEBUG_INFO = YES;
				ONLY_ACTIVE_ARCH = YES;
				SDKROOT = iphoneos;
				SWIFT_ACTIVE_COMPILATION_CONDITIONS = DEBUG;
				SWIFT_OPTIMIZATION_LEVEL = "-Onone";
				TARGETED_DEVICE_FAMILY = 2;
			};
			name = Debug;
		};
		6199ECBE1D90E275002CFA11 /* Release */ = {
			isa = XCBuildConfiguration;
			buildSettings = {
				ALWAYS_SEARCH_USER_PATHS = NO;
				CLANG_ANALYZER_NONNULL = YES;
				CLANG_CXX_LANGUAGE_STANDARD = "gnu++0x";
				CLANG_CXX_LIBRARY = "libc++";
				CLANG_ENABLE_MODULES = YES;
				CLANG_ENABLE_OBJC_ARC = YES;
				CLANG_WARN_BOOL_CONVERSION = YES;
				CLANG_WARN_CONSTANT_CONVERSION = YES;
				CLANG_WARN_DIRECT_OBJC_ISA_USAGE = YES_ERROR;
				CLANG_WARN_DOCUMENTATION_COMMENTS = YES;
				CLANG_WARN_EMPTY_BODY = YES;
				CLANG_WARN_ENUM_CONVERSION = YES;
				CLANG_WARN_INFINITE_RECURSION = YES;
				CLANG_WARN_INT_CONVERSION = YES;
				CLANG_WARN_OBJC_ROOT_CLASS = YES_ERROR;
				CLANG_WARN_SUSPICIOUS_MOVES = YES;
				CLANG_WARN_UNREACHABLE_CODE = YES;
				CLANG_WARN__DUPLICATE_METHOD_MATCH = YES;
				"CODE_SIGN_IDENTITY[sdk=iphoneos*]" = "iPhone Developer";
				COPY_PHASE_STRIP = NO;
				DEBUG_INFORMATION_FORMAT = "dwarf-with-dsym";
				ENABLE_NS_ASSERTIONS = NO;
				ENABLE_STRICT_OBJC_MSGSEND = YES;
				GCC_C_LANGUAGE_STANDARD = gnu99;
				GCC_NO_COMMON_BLOCKS = YES;
				GCC_WARN_64_TO_32_BIT_CONVERSION = YES;
				GCC_WARN_ABOUT_RETURN_TYPE = YES_ERROR;
				GCC_WARN_UNDECLARED_SELECTOR = YES;
				GCC_WARN_UNINITIALIZED_AUTOS = YES_AGGRESSIVE;
				GCC_WARN_UNUSED_FUNCTION = YES;
				GCC_WARN_UNUSED_VARIABLE = YES;
				IPHONEOS_DEPLOYMENT_TARGET = 10.0;
				MTL_ENABLE_DEBUG_INFO = NO;
				SDKROOT = iphoneos;
				SWIFT_OPTIMIZATION_LEVEL = "-Owholemodule";
				TARGETED_DEVICE_FAMILY = 2;
				VALIDATE_PRODUCT = YES;
			};
			name = Release;
		};
		6199ECC01D90E275002CFA11 /* Debug */ = {
			isa = XCBuildConfiguration;
			baseConfigurationReference = E630F73D628E27C68E83B904 /* Pods-Sharpr.debug.xcconfig */;
			buildSettings = {
				ASSETCATALOG_COMPILER_APPICON_NAME = AppIcon;
				CLANG_ENABLE_MODULES = YES;
				DEVELOPMENT_TEAM = JXTYT79G8A;
				FRAMEWORK_SEARCH_PATHS = (
					"$(inherited)",
					"\"$PODS_CONFIGURATION_BUILD_DIR/DualSlideMenu\"",
					"/Users/umairsharif/MyScript_ATK-ios-2.2/Frameworks/**",
				);
				INFOPLIST_FILE = Sharpr/Info.plist;
				LD_RUNPATH_SEARCH_PATHS = "$(inherited) @executable_path/Frameworks";
				OTHER_LDFLAGS = (
					"$(inherited)",
					"-framework",
					"\"DualSlideMenu\"",
					"-ObjC",
					"-lstdc++\n-lstdc++\n-lstdc++",
				);
				PRODUCT_BUNDLE_IDENTIFIER = com.Sharpr.Sharpr;
				PRODUCT_NAME = "$(TARGET_NAME)";
				SWIFT_OBJC_BRIDGING_HEADER = "Sharpr/Sharpr-Bridging-Header.h";
				SWIFT_OPTIMIZATION_LEVEL = "-Onone";
				SWIFT_VERSION = 3.0;
			};
			name = Debug;
		};
		6199ECC11D90E275002CFA11 /* Release */ = {
			isa = XCBuildConfiguration;
			baseConfigurationReference = A93464AADDC28134EBE298AA /* Pods-Sharpr.release.xcconfig */;
			buildSettings = {
				ASSETCATALOG_COMPILER_APPICON_NAME = AppIcon;
				CLANG_ENABLE_MODULES = YES;
				DEVELOPMENT_TEAM = JXTYT79G8A;
				FRAMEWORK_SEARCH_PATHS = (
					"$(inherited)",
					"\"$PODS_CONFIGURATION_BUILD_DIR/DualSlideMenu\"",
					"/Users/umairsharif/MyScript_ATK-ios-2.2/Frameworks/**",
				);
				INFOPLIST_FILE = Sharpr/Info.plist;
				LD_RUNPATH_SEARCH_PATHS = "$(inherited) @executable_path/Frameworks";
				OTHER_LDFLAGS = (
					"$(inherited)",
					"-framework",
					"\"DualSlideMenu\"",
					"-ObjC",
					"-lstdc++\n-lstdc++\n-lstdc++",
				);
				PRODUCT_BUNDLE_IDENTIFIER = com.Sharpr.Sharpr;
				PRODUCT_NAME = "$(TARGET_NAME)";
				SWIFT_OBJC_BRIDGING_HEADER = "Sharpr/Sharpr-Bridging-Header.h";
				SWIFT_VERSION = 3.0;
			};
			name = Release;
		};
		6199ECC31D90E275002CFA11 /* Debug */ = {
			isa = XCBuildConfiguration;
			baseConfigurationReference = CCCF2F0EF27284F3E4FDBDB3 /* Pods-SharprTests.debug.xcconfig */;
			buildSettings = {
				ALWAYS_EMBED_SWIFT_STANDARD_LIBRARIES = YES;
				BUNDLE_LOADER = "$(TEST_HOST)";
				INFOPLIST_FILE = SharprTests/Info.plist;
				LD_RUNPATH_SEARCH_PATHS = "$(inherited) @executable_path/Frameworks @loader_path/Frameworks";
				PRODUCT_BUNDLE_IDENTIFIER = com.Sharpr.SharprTests;
				PRODUCT_NAME = "$(TARGET_NAME)";
				SWIFT_VERSION = 3.0;
				TEST_HOST = "$(BUILT_PRODUCTS_DIR)/Sharpr.app/Sharpr";
			};
			name = Debug;
		};
		6199ECC41D90E275002CFA11 /* Release */ = {
			isa = XCBuildConfiguration;
			baseConfigurationReference = AA0680F0715034140EA13A58 /* Pods-SharprTests.release.xcconfig */;
			buildSettings = {
				ALWAYS_EMBED_SWIFT_STANDARD_LIBRARIES = YES;
				BUNDLE_LOADER = "$(TEST_HOST)";
				INFOPLIST_FILE = SharprTests/Info.plist;
				LD_RUNPATH_SEARCH_PATHS = "$(inherited) @executable_path/Frameworks @loader_path/Frameworks";
				PRODUCT_BUNDLE_IDENTIFIER = com.Sharpr.SharprTests;
				PRODUCT_NAME = "$(TARGET_NAME)";
				SWIFT_VERSION = 3.0;
				TEST_HOST = "$(BUILT_PRODUCTS_DIR)/Sharpr.app/Sharpr";
			};
			name = Release;
		};
		6199ECC61D90E275002CFA11 /* Debug */ = {
			isa = XCBuildConfiguration;
			baseConfigurationReference = F39F8671BAAF9C5ABEC859E6 /* Pods-SharprUITests.debug.xcconfig */;
			buildSettings = {
				ALWAYS_EMBED_SWIFT_STANDARD_LIBRARIES = YES;
				INFOPLIST_FILE = SharprUITests/Info.plist;
				LD_RUNPATH_SEARCH_PATHS = "$(inherited) @executable_path/Frameworks @loader_path/Frameworks";
				PRODUCT_BUNDLE_IDENTIFIER = com.Sharpr.SharprUITests;
				PRODUCT_NAME = "$(TARGET_NAME)";
				SWIFT_VERSION = 3.0;
				TEST_TARGET_NAME = Sharpr;
			};
			name = Debug;
		};
		6199ECC71D90E275002CFA11 /* Release */ = {
			isa = XCBuildConfiguration;
			baseConfigurationReference = AB78A56A08BA04419B779A31 /* Pods-SharprUITests.release.xcconfig */;
			buildSettings = {
				ALWAYS_EMBED_SWIFT_STANDARD_LIBRARIES = YES;
				INFOPLIST_FILE = SharprUITests/Info.plist;
				LD_RUNPATH_SEARCH_PATHS = "$(inherited) @executable_path/Frameworks @loader_path/Frameworks";
				PRODUCT_BUNDLE_IDENTIFIER = com.Sharpr.SharprUITests;
				PRODUCT_NAME = "$(TARGET_NAME)";
				SWIFT_VERSION = 3.0;
				TEST_TARGET_NAME = Sharpr;
			};
			name = Release;
		};
/* End XCBuildConfiguration section */

/* Begin XCConfigurationList section */
		6199EC921D90E274002CFA11 /* Build configuration list for PBXProject "Sharpr" */ = {
			isa = XCConfigurationList;
			buildConfigurations = (
				6199ECBD1D90E275002CFA11 /* Debug */,
				6199ECBE1D90E275002CFA11 /* Release */,
			);
			defaultConfigurationIsVisible = 0;
			defaultConfigurationName = Release;
		};
		6199ECBF1D90E275002CFA11 /* Build configuration list for PBXNativeTarget "Sharpr" */ = {
			isa = XCConfigurationList;
			buildConfigurations = (
				6199ECC01D90E275002CFA11 /* Debug */,
				6199ECC11D90E275002CFA11 /* Release */,
			);
			defaultConfigurationIsVisible = 0;
			defaultConfigurationName = Release;
		};
		6199ECC21D90E275002CFA11 /* Build configuration list for PBXNativeTarget "SharprTests" */ = {
			isa = XCConfigurationList;
			buildConfigurations = (
				6199ECC31D90E275002CFA11 /* Debug */,
				6199ECC41D90E275002CFA11 /* Release */,
			);
			defaultConfigurationIsVisible = 0;
			defaultConfigurationName = Release;
		};
		6199ECC51D90E275002CFA11 /* Build configuration list for PBXNativeTarget "SharprUITests" */ = {
			isa = XCConfigurationList;
			buildConfigurations = (
				6199ECC61D90E275002CFA11 /* Debug */,
				6199ECC71D90E275002CFA11 /* Release */,
			);
			defaultConfigurationIsVisible = 0;
			defaultConfigurationName = Release;
		};
/* End XCConfigurationList section */
	};
	rootObject = 6199EC8F1D90E274002CFA11 /* Project object */;
}
